
Microsoft Visual Studio Solution File, Format Version 12.00
# Visual Studio Version 17
VisualStudioVersion = 17.10.35004.147
MinimumVisualStudioVersion = 10.0.40219.1
Project("{9A19103F-16F7-4668-BE54-9A1E7A4F7556}") = "BarnMart.DataModel", "The-Barn-Mart\BarnMart.DataModel.csproj", "{7B754BF2-4222-446F-B071-B66EFBCBC41F}"
EndProject
Project("{9A19103F-16F7-4668-BE54-9A1E7A4F7556}") = "BarnMart-Web", "BarnMart-Web\BarnMart-Web.csproj", "{9ADA8A13-052C-45C0-B198-BCC0DC9AC25D}"
EndProject
Project("{FAE04EC0-301F-11D3-BF4B-00C04F79EFBC}") = "CRUD.Repo", "CRUD.Repo\CRUD.Repo.csproj", "{B22FC456-BD9B-4C56-B2CD-A19DB337C316}"
EndProject
Global
	GlobalSection(SolutionConfigurationPlatforms) = preSolution
		Debug|Any CPU = Debug|Any CPU
		Release|Any CPU = Release|Any CPU
	EndGlobalSection
	GlobalSection(ProjectConfigurationPlatforms) = postSolution
		{7B754BF2-4222-446F-B071-B66EFBCBC41F}.Debug|Any CPU.ActiveCfg = Debug|Any CPU
		{7B754BF2-4222-446F-B071-B66EFBCBC41F}.Debug|Any CPU.Build.0 = Debug|Any CPU
		{7B754BF2-4222-446F-B071-B66EFBCBC41F}.Release|Any CPU.ActiveCfg = Release|Any CPU
		{7B754BF2-4222-446F-B071-B66EFBCBC41F}.Release|Any CPU.Build.0 = Release|Any CPU
		{9ADA8A13-052C-45C0-B198-BCC0DC9AC25D}.Debug|Any CPU.ActiveCfg = Debug|Any CPU
		{9ADA8A13-052C-45C0-B198-BCC0DC9AC25D}.Debug|Any CPU.Build.0 = Debug|Any CPU
		{9ADA8A13-052C-45C0-B198-BCC0DC9AC25D}.Release|Any CPU.ActiveCfg = Release|Any CPU
		{9ADA8A13-052C-45C0-B198-BCC0DC9AC25D}.Release|Any CPU.Build.0 = Release|Any CPU
		{B22FC456-BD9B-4C56-B2CD-A19DB337C316}.Debug|Any CPU.ActiveCfg = Debug|Any CPU
		{B22FC456-BD9B-4C56-B2CD-A19DB337C316}.Debug|Any CPU.Build.0 = Debug|Any CPU
		{B22FC456-BD9B-4C56-B2CD-A19DB337C316}.Release|Any CPU.ActiveCfg = Release|Any CPU
		{B22FC456-BD9B-4C56-B2CD-A19DB337C316}.Release|Any CPU.Build.0 = Release|Any CPU
	EndGlobalSection
	GlobalSection(SolutionProperties) = preSolution
		HideSolutionNode = FALSE
	EndGlobalSection
	GlobalSection(ExtensibilityGlobals) = postSolution
		SolutionGuid = {991C96BE-898A-4284-9E40-E306FE708A41}
	EndGlobalSection
EndGlobal
